// !$*UTF8*$!
{
	archiveVersion = 1;
	classes = {
	};
	objectVersion = 54;
	objects = {

/* Begin PBXBuildFile section */
		DE19BC2D252C53FC00002BEB /* PortraitView.swift in Sources */ = {isa = PBXBuildFile; fileRef = DE19BC2C252C53FC00002BEB /* PortraitView.swift */; };
		DE1F62F8252908DA003FFA99 /* VNApp.swift in Sources */ = {isa = PBXBuildFile; fileRef = DE1F62F7252908DA003FFA99 /* VNApp.swift */; };
		DE1F62FA252908DA003FFA99 /* ContentView.swift in Sources */ = {isa = PBXBuildFile; fileRef = DE1F62F9252908DA003FFA99 /* ContentView.swift */; };
		DE1F62FC252908DA003FFA99 /* Assets.xcassets in Resources */ = {isa = PBXBuildFile; fileRef = DE1F62FB252908DA003FFA99 /* Assets.xcassets */; };
		DE1F62FF252908DA003FFA99 /* Preview Assets.xcassets in Resources */ = {isa = PBXBuildFile; fileRef = DE1F62FE252908DA003FFA99 /* Preview Assets.xcassets */; };
		DE1F6311252A19B4003FFA99 /* test.ink in Resources */ = {isa = PBXBuildFile; fileRef = DE1F630F252A19B4003FFA99 /* test.ink */; };
		DE1F6312252A19B4003FFA99 /* test.ink.json in Resources */ = {isa = PBXBuildFile; fileRef = DE1F6310252A19B4003FFA99 /* test.ink.json */; };
		DE30AFAE25441E96005D35C6 /* BWV.m4a in Resources */ = {isa = PBXBuildFile; fileRef = DE30AFAD25441E96005D35C6 /* BWV.m4a */; };
		DE30AFAF25441E96005D35C6 /* BWV.m4a in Resources */ = {isa = PBXBuildFile; fileRef = DE30AFAD25441E96005D35C6 /* BWV.m4a */; };
		DE30AFB025441E96005D35C6 /* BWV.m4a in Resources */ = {isa = PBXBuildFile; fileRef = DE30AFAD25441E96005D35C6 /* BWV.m4a */; };
		DE6B07052C50E7B0006B5696 /* InkSwift in Frameworks */ = {isa = PBXBuildFile; productRef = DE6B07042C50E7B0006B5696 /* InkSwift */; };
		DE6B07282C50EB94006B5696 /* Shared.swift in Sources */ = {isa = PBXBuildFile; fileRef = DE83F2C12540CCEB00833834 /* Shared.swift */; };
		DE6B07292C50EB95006B5696 /* Shared.swift in Sources */ = {isa = PBXBuildFile; fileRef = DE83F2C12540CCEB00833834 /* Shared.swift */; };
		DE6B072A2C50EB96006B5696 /* Shared.swift in Sources */ = {isa = PBXBuildFile; fileRef = DE83F2C12540CCEB00833834 /* Shared.swift */; };
		DE6B072D2C50ED41006B5696 /* InkSwift in Frameworks */ = {isa = PBXBuildFile; productRef = DE6B072C2C50ED41006B5696 /* InkSwift */; };
		DE6B072F2C50ED47006B5696 /* InkSwift in Frameworks */ = {isa = PBXBuildFile; productRef = DE6B072E2C50ED47006B5696 /* InkSwift */; };
		DE80AFA625308A5400F8BE5A /* InkTextView.swift in Sources */ = {isa = PBXBuildFile; fileRef = DE80AFA525308A5400F8BE5A /* InkTextView.swift */; };
		DE80AFB22530D8E400F8BE5A /* AudioPlayer.swift in Sources */ = {isa = PBXBuildFile; fileRef = DE80AFB12530D8E400F8BE5A /* AudioPlayer.swift */; };
		DE80AFC725319BFA00F8BE5A /* story.ink.json in Resources */ = {isa = PBXBuildFile; fileRef = DE80AFC525319BFA00F8BE5A /* story.ink.json */; };
		DE80AFC825319BFA00F8BE5A /* story.ink in Resources */ = {isa = PBXBuildFile; fileRef = DE80AFC625319BFA00F8BE5A /* story.ink */; };
		DE80B029253301AF00F8BE5A /* Assets.xcassets in Resources */ = {isa = PBXBuildFile; fileRef = DE80B028253301AF00F8BE5A /* Assets.xcassets */; };
		DE80B02C253301AF00F8BE5A /* Preview Assets.xcassets in Resources */ = {isa = PBXBuildFile; fileRef = DE80B02B253301AF00F8BE5A /* Preview Assets.xcassets */; };
		DE80B0342533020F00F8BE5A /* VN_iOSApp.swift in Sources */ = {isa = PBXBuildFile; fileRef = DE80B0332533020F00F8BE5A /* VN_iOSApp.swift */; };
		DE80B039253303C200F8BE5A /* story.ink.json in Resources */ = {isa = PBXBuildFile; fileRef = DE80AFC525319BFA00F8BE5A /* story.ink.json */; };
		DE80B03A253303C200F8BE5A /* test.ink.json in Resources */ = {isa = PBXBuildFile; fileRef = DE1F6310252A19B4003FFA99 /* test.ink.json */; };
		DE80B03B253303C200F8BE5A /* story.ink in Resources */ = {isa = PBXBuildFile; fileRef = DE80AFC625319BFA00F8BE5A /* story.ink */; };
		DE80B03C253303C200F8BE5A /* test.ink in Resources */ = {isa = PBXBuildFile; fileRef = DE1F630F252A19B4003FFA99 /* test.ink */; };
		DE80B043253303D000F8BE5A /* AudioPlayer.swift in Sources */ = {isa = PBXBuildFile; fileRef = DE80AFB12530D8E400F8BE5A /* AudioPlayer.swift */; };
		DE80B04B253303E500F8BE5A /* PortraitView.swift in Sources */ = {isa = PBXBuildFile; fileRef = DE19BC2C252C53FC00002BEB /* PortraitView.swift */; };
		DE80B04C253303E500F8BE5A /* ContentView.swift in Sources */ = {isa = PBXBuildFile; fileRef = DE1F62F9252908DA003FFA99 /* ContentView.swift */; };
		DE80B04D253303E500F8BE5A /* InkTextView.swift in Sources */ = {isa = PBXBuildFile; fileRef = DE80AFA525308A5400F8BE5A /* InkTextView.swift */; };
		DEB98CB92536206D001C8EBB /* VN_macOSApp.swift in Sources */ = {isa = PBXBuildFile; fileRef = DEB98CB82536206D001C8EBB /* VN_macOSApp.swift */; };
		DEB98CBD2536206E001C8EBB /* Assets.xcassets in Resources */ = {isa = PBXBuildFile; fileRef = DEB98CBC2536206E001C8EBB /* Assets.xcassets */; };
		DEB98CC02536206E001C8EBB /* Preview Assets.xcassets in Resources */ = {isa = PBXBuildFile; fileRef = DEB98CBF2536206E001C8EBB /* Preview Assets.xcassets */; };
		DEB98CCC253620BF001C8EBB /* ContentView.swift in Sources */ = {isa = PBXBuildFile; fileRef = DE1F62F9252908DA003FFA99 /* ContentView.swift */; };
		DEB98CCD253620BF001C8EBB /* PortraitView.swift in Sources */ = {isa = PBXBuildFile; fileRef = DE19BC2C252C53FC00002BEB /* PortraitView.swift */; };
		DEB98CCE253620BF001C8EBB /* InkTextView.swift in Sources */ = {isa = PBXBuildFile; fileRef = DE80AFA525308A5400F8BE5A /* InkTextView.swift */; };
		DEB98CD2253620C3001C8EBB /* test.ink in Resources */ = {isa = PBXBuildFile; fileRef = DE1F630F252A19B4003FFA99 /* test.ink */; };
		DEB98CD3253620C3001C8EBB /* story.ink in Resources */ = {isa = PBXBuildFile; fileRef = DE80AFC625319BFA00F8BE5A /* story.ink */; };
		DEB98CD4253620C3001C8EBB /* test.ink.json in Resources */ = {isa = PBXBuildFile; fileRef = DE1F6310252A19B4003FFA99 /* test.ink.json */; };
		DEB98CD5253620C3001C8EBB /* story.ink.json in Resources */ = {isa = PBXBuildFile; fileRef = DE80AFC525319BFA00F8BE5A /* story.ink.json */; };
		DEB98CE225362130001C8EBB /* Assets.xcassets in Resources */ = {isa = PBXBuildFile; fileRef = DEB98CE12536212D001C8EBB /* Assets.xcassets */; };
		DEB98CE625362131001C8EBB /* Assets.xcassets in Resources */ = {isa = PBXBuildFile; fileRef = DEB98CE12536212D001C8EBB /* Assets.xcassets */; };
		DEB98CE725362131001C8EBB /* Assets.xcassets in Resources */ = {isa = PBXBuildFile; fileRef = DEB98CE12536212D001C8EBB /* Assets.xcassets */; };
		DEB98CEB25362188001C8EBB /* AudioPlayer.swift in Sources */ = {isa = PBXBuildFile; fileRef = DE80AFB12530D8E400F8BE5A /* AudioPlayer.swift */; };
		DEE5892E2541C6F100B7BEFB /* Forest.m4a in Resources */ = {isa = PBXBuildFile; fileRef = DEE5892D2541C6F100B7BEFB /* Forest.m4a */; };
		DEE5892F2541C6F100B7BEFB /* Forest.m4a in Resources */ = {isa = PBXBuildFile; fileRef = DEE5892D2541C6F100B7BEFB /* Forest.m4a */; };
		DEE589302541C6F100B7BEFB /* Forest.m4a in Resources */ = {isa = PBXBuildFile; fileRef = DEE5892D2541C6F100B7BEFB /* Forest.m4a */; };
		DEE589382541C75100B7BEFB /* footsteps.m4a in Resources */ = {isa = PBXBuildFile; fileRef = DEE589372541C75100B7BEFB /* footsteps.m4a */; };
		DEE589392541C75100B7BEFB /* footsteps.m4a in Resources */ = {isa = PBXBuildFile; fileRef = DEE589372541C75100B7BEFB /* footsteps.m4a */; };
		DEE5893A2541C75100B7BEFB /* footsteps.m4a in Resources */ = {isa = PBXBuildFile; fileRef = DEE589372541C75100B7BEFB /* footsteps.m4a */; };
/* End PBXBuildFile section */

/* Begin PBXCopyFilesBuildPhase section */
		DE6B07222C50EA79006B5696 /* Embed Frameworks */ = {
			isa = PBXCopyFilesBuildPhase;
			buildActionMask = 2147483647;
			dstPath = "";
			dstSubfolderSpec = 10;
			files = (
			);
			name = "Embed Frameworks";
			runOnlyForDeploymentPostprocessing = 0;
		};
/* End PBXCopyFilesBuildPhase section */

/* Begin PBXFileReference section */
		DE19BC2C252C53FC00002BEB /* PortraitView.swift */ = {isa = PBXFileReference; lastKnownFileType = sourcecode.swift; path = PortraitView.swift; sourceTree = "<group>"; };
		DE1F62F4252908DA003FFA99 /* VN-tvOS.app */ = {isa = PBXFileReference; explicitFileType = wrapper.application; includeInIndex = 0; path = "VN-tvOS.app"; sourceTree = BUILT_PRODUCTS_DIR; };
		DE1F62F7252908DA003FFA99 /* VNApp.swift */ = {isa = PBXFileReference; lastKnownFileType = sourcecode.swift; path = VNApp.swift; sourceTree = "<group>"; };
		DE1F62F9252908DA003FFA99 /* ContentView.swift */ = {isa = PBXFileReference; lastKnownFileType = sourcecode.swift; path = ContentView.swift; sourceTree = "<group>"; };
		DE1F62FB252908DA003FFA99 /* Assets.xcassets */ = {isa = PBXFileReference; lastKnownFileType = folder.assetcatalog; path = Assets.xcassets; sourceTree = "<group>"; };
		DE1F62FE252908DA003FFA99 /* Preview Assets.xcassets */ = {isa = PBXFileReference; lastKnownFileType = folder.assetcatalog; path = "Preview Assets.xcassets"; sourceTree = "<group>"; };
		DE1F6300252908DA003FFA99 /* Info.plist */ = {isa = PBXFileReference; lastKnownFileType = text.plist.xml; path = Info.plist; sourceTree = "<group>"; };
		DE1F630F252A19B4003FFA99 /* test.ink */ = {isa = PBXFileReference; fileEncoding = 4; lastKnownFileType = text; path = test.ink; sourceTree = "<group>"; };
		DE1F6310252A19B4003FFA99 /* test.ink.json */ = {isa = PBXFileReference; fileEncoding = 4; lastKnownFileType = text.json; path = test.ink.json; sourceTree = "<group>"; };
		DE30AFAD25441E96005D35C6 /* BWV.m4a */ = {isa = PBXFileReference; lastKnownFileType = file; path = BWV.m4a; sourceTree = "<group>"; };
		DE80AFA525308A5400F8BE5A /* InkTextView.swift */ = {isa = PBXFileReference; lastKnownFileType = sourcecode.swift; path = InkTextView.swift; sourceTree = "<group>"; };
		DE80AFB12530D8E400F8BE5A /* AudioPlayer.swift */ = {isa = PBXFileReference; lastKnownFileType = sourcecode.swift; path = AudioPlayer.swift; sourceTree = "<group>"; };
		DE80AFC525319BFA00F8BE5A /* story.ink.json */ = {isa = PBXFileReference; fileEncoding = 4; lastKnownFileType = text.json; path = story.ink.json; sourceTree = "<group>"; };
		DE80AFC625319BFA00F8BE5A /* story.ink */ = {isa = PBXFileReference; fileEncoding = 4; lastKnownFileType = text; path = story.ink; sourceTree = "<group>"; };
		DE80B022253301AD00F8BE5A /* VN-iOS.app */ = {isa = PBXFileReference; explicitFileType = wrapper.application; includeInIndex = 0; path = "VN-iOS.app"; sourceTree = BUILT_PRODUCTS_DIR; };
		DE80B028253301AF00F8BE5A /* Assets.xcassets */ = {isa = PBXFileReference; lastKnownFileType = folder.assetcatalog; path = Assets.xcassets; sourceTree = "<group>"; };
		DE80B02B253301AF00F8BE5A /* Preview Assets.xcassets */ = {isa = PBXFileReference; lastKnownFileType = folder.assetcatalog; path = "Preview Assets.xcassets"; sourceTree = "<group>"; };
		DE80B02D253301AF00F8BE5A /* Info.plist */ = {isa = PBXFileReference; lastKnownFileType = text.plist.xml; path = Info.plist; sourceTree = "<group>"; };
		DE80B0332533020F00F8BE5A /* VN_iOSApp.swift */ = {isa = PBXFileReference; fileEncoding = 4; lastKnownFileType = sourcecode.swift; path = VN_iOSApp.swift; sourceTree = "<group>"; };
		DE83F2C12540CCEB00833834 /* Shared.swift */ = {isa = PBXFileReference; lastKnownFileType = sourcecode.swift; path = Shared.swift; sourceTree = "<group>"; };
		DEB98CB62536206D001C8EBB /* VN-macOS.app */ = {isa = PBXFileReference; explicitFileType = wrapper.application; includeInIndex = 0; path = "VN-macOS.app"; sourceTree = BUILT_PRODUCTS_DIR; };
		DEB98CB82536206D001C8EBB /* VN_macOSApp.swift */ = {isa = PBXFileReference; lastKnownFileType = sourcecode.swift; path = VN_macOSApp.swift; sourceTree = "<group>"; };
		DEB98CBC2536206E001C8EBB /* Assets.xcassets */ = {isa = PBXFileReference; lastKnownFileType = folder.assetcatalog; path = Assets.xcassets; sourceTree = "<group>"; };
		DEB98CBF2536206E001C8EBB /* Preview Assets.xcassets */ = {isa = PBXFileReference; lastKnownFileType = folder.assetcatalog; path = "Preview Assets.xcassets"; sourceTree = "<group>"; };
		DEB98CC12536206E001C8EBB /* Info.plist */ = {isa = PBXFileReference; lastKnownFileType = text.plist.xml; path = Info.plist; sourceTree = "<group>"; };
		DEB98CC22536206E001C8EBB /* VN_macOS.entitlements */ = {isa = PBXFileReference; lastKnownFileType = text.plist.entitlements; path = VN_macOS.entitlements; sourceTree = "<group>"; };
		DEB98CE12536212D001C8EBB /* Assets.xcassets */ = {isa = PBXFileReference; lastKnownFileType = folder.assetcatalog; path = Assets.xcassets; sourceTree = "<group>"; };
		DEE5892D2541C6F100B7BEFB /* Forest.m4a */ = {isa = PBXFileReference; lastKnownFileType = file; path = Forest.m4a; sourceTree = "<group>"; };
		DEE589372541C75100B7BEFB /* footsteps.m4a */ = {isa = PBXFileReference; lastKnownFileType = file; path = footsteps.m4a; sourceTree = "<group>"; };
/* End PBXFileReference section */

/* Begin PBXFrameworksBuildPhase section */
		DE1F62F1252908DA003FFA99 /* Frameworks */ = {
			isa = PBXFrameworksBuildPhase;
			buildActionMask = 2147483647;
			files = (
				DE6B07052C50E7B0006B5696 /* InkSwift in Frameworks */,
			);
			runOnlyForDeploymentPostprocessing = 0;
		};
		DE80B01F253301AD00F8BE5A /* Frameworks */ = {
			isa = PBXFrameworksBuildPhase;
			buildActionMask = 2147483647;
			files = (
				DE6B072D2C50ED41006B5696 /* InkSwift in Frameworks */,
			);
			runOnlyForDeploymentPostprocessing = 0;
		};
		DEB98CB32536206D001C8EBB /* Frameworks */ = {
			isa = PBXFrameworksBuildPhase;
			buildActionMask = 2147483647;
			files = (
				DE6B072F2C50ED47006B5696 /* InkSwift in Frameworks */,
			);
			runOnlyForDeploymentPostprocessing = 0;
		};
/* End PBXFrameworksBuildPhase section */

/* Begin PBXGroup section */
		DE1F62EB252908D9003FFA99 = {
			isa = PBXGroup;
			children = (
				DE80B01D2533018700F8BE5A /* VN Shared */,
				DE1F62F6252908DA003FFA99 /* VN-tvOS */,
				DE80B023253301AD00F8BE5A /* VN-iOS */,
				DEB98CB72536206D001C8EBB /* VN-macOS */,
				DE1F62F5252908DA003FFA99 /* Products */,
				DE6B072B2C50ED41006B5696 /* Frameworks */,
			);
			sourceTree = "<group>";
		};
		DE1F62F5252908DA003FFA99 /* Products */ = {
			isa = PBXGroup;
			children = (
				DE1F62F4252908DA003FFA99 /* VN-tvOS.app */,
				DE80B022253301AD00F8BE5A /* VN-iOS.app */,
				DEB98CB62536206D001C8EBB /* VN-macOS.app */,
			);
			name = Products;
			sourceTree = "<group>";
		};
		DE1F62F6252908DA003FFA99 /* VN-tvOS */ = {
			isa = PBXGroup;
			children = (
				DE1F62F7252908DA003FFA99 /* VNApp.swift */,
				DE1F62FB252908DA003FFA99 /* Assets.xcassets */,
				DE1F6300252908DA003FFA99 /* Info.plist */,
				DE1F62FD252908DA003FFA99 /* Preview Content */,
			);
			path = "VN-tvOS";
			sourceTree = "<group>";
		};
		DE1F62FD252908DA003FFA99 /* Preview Content */ = {
			isa = PBXGroup;
			children = (
				DE1F62FE252908DA003FFA99 /* Preview Assets.xcassets */,
			);
			path = "Preview Content";
			sourceTree = "<group>";
		};
		DE1F630D252A15C4003FFA99 /* Data */ = {
			isa = PBXGroup;
			children = (
				DE80AFC625319BFA00F8BE5A /* story.ink */,
				DE80AFC525319BFA00F8BE5A /* story.ink.json */,
				DE1F630F252A19B4003FFA99 /* test.ink */,
				DE1F6310252A19B4003FFA99 /* test.ink.json */,
			);
			path = Data;
			sourceTree = "<group>";
		};
		DE6B072B2C50ED41006B5696 /* Frameworks */ = {
			isa = PBXGroup;
			children = (
			);
			name = Frameworks;
			sourceTree = "<group>";
		};
		DE80AFA425308A3F00F8BE5A /* Views */ = {
			isa = PBXGroup;
			children = (
				DE1F62F9252908DA003FFA99 /* ContentView.swift */,
				DE19BC2C252C53FC00002BEB /* PortraitView.swift */,
				DE80AFA525308A5400F8BE5A /* InkTextView.swift */,
			);
			path = Views;
			sourceTree = "<group>";
		};
		DE80AFB42530DD1900F8BE5A /* Audio */ = {
			isa = PBXGroup;
			children = (
				DE80AFB12530D8E400F8BE5A /* AudioPlayer.swift */,
				DE80AFBF2530E2A600F8BE5A /* Ambiance */,
				DE80AFBA2530DF1A00F8BE5A /* SFX */,
				DE80AFB52530DD1F00F8BE5A /* Music */,
			);
			path = Audio;
			sourceTree = "<group>";
		};
		DE80AFB52530DD1F00F8BE5A /* Music */ = {
			isa = PBXGroup;
			children = (
				DE30AFAD25441E96005D35C6 /* BWV.m4a */,
			);
			path = Music;
			sourceTree = "<group>";
		};
		DE80AFBA2530DF1A00F8BE5A /* SFX */ = {
			isa = PBXGroup;
			children = (
				DEE589372541C75100B7BEFB /* footsteps.m4a */,
			);
			path = SFX;
			sourceTree = "<group>";
		};
		DE80AFBF2530E2A600F8BE5A /* Ambiance */ = {
			isa = PBXGroup;
			children = (
				DEE5892D2541C6F100B7BEFB /* Forest.m4a */,
			);
			path = Ambiance;
			sourceTree = "<group>";
		};
		DE80B01D2533018700F8BE5A /* VN Shared */ = {
			isa = PBXGroup;
			children = (
				DE80AFB42530DD1900F8BE5A /* Audio */,
				DEB98CE12536212D001C8EBB /* Assets.xcassets */,
				DE80AFA425308A3F00F8BE5A /* Views */,
				DE1F630D252A15C4003FFA99 /* Data */,
				DE83F2C12540CCEB00833834 /* Shared.swift */,
			);
			path = "VN Shared";
			sourceTree = "<group>";
		};
		DE80B023253301AD00F8BE5A /* VN-iOS */ = {
			isa = PBXGroup;
			children = (
				DE80B0332533020F00F8BE5A /* VN_iOSApp.swift */,
				DE80B028253301AF00F8BE5A /* Assets.xcassets */,
				DE80B02D253301AF00F8BE5A /* Info.plist */,
				DE80B02A253301AF00F8BE5A /* Preview Content */,
			);
			path = "VN-iOS";
			sourceTree = "<group>";
		};
		DE80B02A253301AF00F8BE5A /* Preview Content */ = {
			isa = PBXGroup;
			children = (
				DE80B02B253301AF00F8BE5A /* Preview Assets.xcassets */,
			);
			path = "Preview Content";
			sourceTree = "<group>";
		};
		DEB98CB72536206D001C8EBB /* VN-macOS */ = {
			isa = PBXGroup;
			children = (
				DEB98CB82536206D001C8EBB /* VN_macOSApp.swift */,
				DEB98CBC2536206E001C8EBB /* Assets.xcassets */,
				DEB98CC12536206E001C8EBB /* Info.plist */,
				DEB98CC22536206E001C8EBB /* VN_macOS.entitlements */,
				DEB98CBE2536206E001C8EBB /* Preview Content */,
			);
			path = "VN-macOS";
			sourceTree = "<group>";
		};
		DEB98CBE2536206E001C8EBB /* Preview Content */ = {
			isa = PBXGroup;
			children = (
				DEB98CBF2536206E001C8EBB /* Preview Assets.xcassets */,
			);
			path = "Preview Content";
			sourceTree = "<group>";
		};
/* End PBXGroup section */

/* Begin PBXNativeTarget section */
		DE1F62F3252908DA003FFA99 /* VN */ = {
			isa = PBXNativeTarget;
			buildConfigurationList = DE1F6303252908DA003FFA99 /* Build configuration list for PBXNativeTarget "VN" */;
			buildPhases = (
				DE1F62F0252908DA003FFA99 /* Sources */,
				DE1F62F1252908DA003FFA99 /* Frameworks */,
				DE1F62F2252908DA003FFA99 /* Resources */,
				DE6B07222C50EA79006B5696 /* Embed Frameworks */,
			);
			buildRules = (
			);
			dependencies = (
				DE6B07112C50EA1A006B5696 /* PBXTargetDependency */,
			);
			name = VN;
			packageProductDependencies = (
				DE6B07042C50E7B0006B5696 /* InkSwift */,
			);
			productName = VN;
			productReference = DE1F62F4252908DA003FFA99 /* VN-tvOS.app */;
			productType = "com.apple.product-type.application";
		};
		DE80B021253301AD00F8BE5A /* VN-iOS */ = {
			isa = PBXNativeTarget;
			buildConfigurationList = DE80B02E253301AF00F8BE5A /* Build configuration list for PBXNativeTarget "VN-iOS" */;
			buildPhases = (
				DE80B01E253301AD00F8BE5A /* Sources */,
				DE80B01F253301AD00F8BE5A /* Frameworks */,
				DE80B020253301AD00F8BE5A /* Resources */,
			);
			buildRules = (
			);
			dependencies = (
				DE6B070D2C50EA0D006B5696 /* PBXTargetDependency */,
			);
			name = "VN-iOS";
			packageProductDependencies = (
				DE6B072C2C50ED41006B5696 /* InkSwift */,
			);
			productName = "VN-iOS";
			productReference = DE80B022253301AD00F8BE5A /* VN-iOS.app */;
			productType = "com.apple.product-type.application";
		};
		DEB98CB52536206D001C8EBB /* VN-macOS */ = {
			isa = PBXNativeTarget;
			buildConfigurationList = DEB98CC52536206E001C8EBB /* Build configuration list for PBXNativeTarget "VN-macOS" */;
			buildPhases = (
				DEB98CB22536206D001C8EBB /* Sources */,
				DEB98CB32536206D001C8EBB /* Frameworks */,
				DEB98CB42536206D001C8EBB /* Resources */,
			);
			buildRules = (
			);
			dependencies = (
				DE6B070F2C50EA15006B5696 /* PBXTargetDependency */,
			);
			name = "VN-macOS";
			packageProductDependencies = (
				DE6B072E2C50ED47006B5696 /* InkSwift */,
			);
			productName = "VN-macOS";
			productReference = DEB98CB62536206D001C8EBB /* VN-macOS.app */;
			productType = "com.apple.product-type.application";
		};
/* End PBXNativeTarget section */

/* Begin PBXProject section */
		DE1F62EC252908D9003FFA99 /* Project object */ = {
			isa = PBXProject;
			attributes = {
				LastSwiftUpdateCheck = 1220;
				LastUpgradeCheck = 1320;
				TargetAttributes = {
					DE1F62F3252908DA003FFA99 = {
						CreatedOnToolsVersion = 12.0.1;
					};
					DE80B021253301AD00F8BE5A = {
						CreatedOnToolsVersion = 12.0.1;
					};
					DEB98CB52536206D001C8EBB = {
						CreatedOnToolsVersion = 12.2;
					};
				};
			};
			buildConfigurationList = DE1F62EF252908D9003FFA99 /* Build configuration list for PBXProject "VN" */;
			compatibilityVersion = "Xcode 9.3";
			developmentRegion = en;
			hasScannedForEncodings = 0;
			knownRegions = (
				en,
				Base,
			);
			mainGroup = DE1F62EB252908D9003FFA99;
			packageReferences = (
				DE6B07032C50E7B0006B5696 /* XCRemoteSwiftPackageReference "InkSwift" */,
			);
			productRefGroup = DE1F62F5252908DA003FFA99 /* Products */;
			projectDirPath = "";
			projectRoot = "";
			targets = (
				DE1F62F3252908DA003FFA99 /* VN */,
				DE80B021253301AD00F8BE5A /* VN-iOS */,
				DEB98CB52536206D001C8EBB /* VN-macOS */,
			);
		};
/* End PBXProject section */

/* Begin PBXResourcesBuildPhase section */
		DE1F62F2252908DA003FFA99 /* Resources */ = {
			isa = PBXResourcesBuildPhase;
			buildActionMask = 2147483647;
			files = (
				DE80AFC825319BFA00F8BE5A /* story.ink in Resources */,
				DEE589382541C75100B7BEFB /* footsteps.m4a in Resources */,
				DEB98CE225362130001C8EBB /* Assets.xcassets in Resources */,
				DE80AFC725319BFA00F8BE5A /* story.ink.json in Resources */,
				DE30AFAE25441E96005D35C6 /* BWV.m4a in Resources */,
				DE1F6312252A19B4003FFA99 /* test.ink.json in Resources */,
				DE1F6311252A19B4003FFA99 /* test.ink in Resources */,
				DE1F62FF252908DA003FFA99 /* Preview Assets.xcassets in Resources */,
				DEE5892E2541C6F100B7BEFB /* Forest.m4a in Resources */,
				DE1F62FC252908DA003FFA99 /* Assets.xcassets in Resources */,
			);
			runOnlyForDeploymentPostprocessing = 0;
		};
		DE80B020253301AD00F8BE5A /* Resources */ = {
			isa = PBXResourcesBuildPhase;
			buildActionMask = 2147483647;
			files = (
				DE80B03B253303C200F8BE5A /* story.ink in Resources */,
				DE80B02C253301AF00F8BE5A /* Preview Assets.xcassets in Resources */,
				DEE589392541C75100B7BEFB /* footsteps.m4a in Resources */,
				DEB98CE625362131001C8EBB /* Assets.xcassets in Resources */,
				DE30AFAF25441E96005D35C6 /* BWV.m4a in Resources */,
				DE80B03C253303C200F8BE5A /* test.ink in Resources */,
				DEE5892F2541C6F100B7BEFB /* Forest.m4a in Resources */,
				DE80B03A253303C200F8BE5A /* test.ink.json in Resources */,
				DE80B039253303C200F8BE5A /* story.ink.json in Resources */,
				DE80B029253301AF00F8BE5A /* Assets.xcassets in Resources */,
			);
			runOnlyForDeploymentPostprocessing = 0;
		};
		DEB98CB42536206D001C8EBB /* Resources */ = {
			isa = PBXResourcesBuildPhase;
			buildActionMask = 2147483647;
			files = (
				DEB98CD4253620C3001C8EBB /* test.ink.json in Resources */,
				DEB98CD5253620C3001C8EBB /* story.ink.json in Resources */,
				DEE5893A2541C75100B7BEFB /* footsteps.m4a in Resources */,
				DEB98CC02536206E001C8EBB /* Preview Assets.xcassets in Resources */,
				DE30AFB025441E96005D35C6 /* BWV.m4a in Resources */,
				DEB98CBD2536206E001C8EBB /* Assets.xcassets in Resources */,
				DEB98CD3253620C3001C8EBB /* story.ink in Resources */,
				DEE589302541C6F100B7BEFB /* Forest.m4a in Resources */,
				DEB98CE725362131001C8EBB /* Assets.xcassets in Resources */,
				DEB98CD2253620C3001C8EBB /* test.ink in Resources */,
			);
			runOnlyForDeploymentPostprocessing = 0;
		};
/* End PBXResourcesBuildPhase section */

/* Begin PBXSourcesBuildPhase section */
		DE1F62F0252908DA003FFA99 /* Sources */ = {
			isa = PBXSourcesBuildPhase;
			buildActionMask = 2147483647;
			files = (
				DE1F62FA252908DA003FFA99 /* ContentView.swift in Sources */,
				DE80AFA625308A5400F8BE5A /* InkTextView.swift in Sources */,
				DE19BC2D252C53FC00002BEB /* PortraitView.swift in Sources */,
				DE1F62F8252908DA003FFA99 /* VNApp.swift in Sources */,
				DE80AFB22530D8E400F8BE5A /* AudioPlayer.swift in Sources */,
				DE6B07282C50EB94006B5696 /* Shared.swift in Sources */,
			);
			runOnlyForDeploymentPostprocessing = 0;
		};
		DE80B01E253301AD00F8BE5A /* Sources */ = {
			isa = PBXSourcesBuildPhase;
			buildActionMask = 2147483647;
			files = (
				DE80B04D253303E500F8BE5A /* InkTextView.swift in Sources */,
				DE80B04C253303E500F8BE5A /* ContentView.swift in Sources */,
				DE80B04B253303E500F8BE5A /* PortraitView.swift in Sources */,
				DE80B0342533020F00F8BE5A /* VN_iOSApp.swift in Sources */,
				DE80B043253303D000F8BE5A /* AudioPlayer.swift in Sources */,
				DE6B07292C50EB95006B5696 /* Shared.swift in Sources */,
			);
			runOnlyForDeploymentPostprocessing = 0;
		};
		DEB98CB22536206D001C8EBB /* Sources */ = {
			isa = PBXSourcesBuildPhase;
			buildActionMask = 2147483647;
			files = (
				DEB98CCD253620BF001C8EBB /* PortraitView.swift in Sources */,
				DEB98CCC253620BF001C8EBB /* ContentView.swift in Sources */,
				DEB98CCE253620BF001C8EBB /* InkTextView.swift in Sources */,
				DEB98CB92536206D001C8EBB /* VN_macOSApp.swift in Sources */,
				DEB98CEB25362188001C8EBB /* AudioPlayer.swift in Sources */,
				DE6B072A2C50EB96006B5696 /* Shared.swift in Sources */,
			);
			runOnlyForDeploymentPostprocessing = 0;
		};
/* End PBXSourcesBuildPhase section */

/* Begin PBXTargetDependency section */
		DE6B070D2C50EA0D006B5696 /* PBXTargetDependency */ = {
			isa = PBXTargetDependency;
			productRef = DE6B070C2C50EA0D006B5696 /* InkSwift */;
		};
		DE6B070F2C50EA15006B5696 /* PBXTargetDependency */ = {
			isa = PBXTargetDependency;
			productRef = DE6B070E2C50EA15006B5696 /* InkSwift */;
		};
		DE6B07112C50EA1A006B5696 /* PBXTargetDependency */ = {
			isa = PBXTargetDependency;
			productRef = DE6B07102C50EA1A006B5696 /* InkSwift */;
		};
/* End PBXTargetDependency section */

/* Begin XCBuildConfiguration section */
		DE1F6301252908DA003FFA99 /* Debug */ = {
			isa = XCBuildConfiguration;
			buildSettings = {
				ALWAYS_SEARCH_USER_PATHS = NO;
				CLANG_ANALYZER_NONNULL = YES;
				CLANG_ANALYZER_NUMBER_OBJECT_CONVERSION = YES_AGGRESSIVE;
				CLANG_CXX_LANGUAGE_STANDARD = "gnu++14";
				CLANG_CXX_LIBRARY = "libc++";
				CLANG_ENABLE_MODULES = YES;
				CLANG_ENABLE_OBJC_ARC = YES;
				CLANG_ENABLE_OBJC_WEAK = YES;
				CLANG_WARN_BLOCK_CAPTURE_AUTORELEASING = YES;
				CLANG_WARN_BOOL_CONVERSION = YES;
				CLANG_WARN_COMMA = YES;
				CLANG_WARN_CONSTANT_CONVERSION = YES;
				CLANG_WARN_DEPRECATED_OBJC_IMPLEMENTATIONS = YES;
				CLANG_WARN_DIRECT_OBJC_ISA_USAGE = YES_ERROR;
				CLANG_WARN_DOCUMENTATION_COMMENTS = YES;
				CLANG_WARN_EMPTY_BODY = YES;
				CLANG_WARN_ENUM_CONVERSION = YES;
				CLANG_WARN_INFINITE_RECURSION = YES;
				CLANG_WARN_INT_CONVERSION = YES;
				CLANG_WARN_NON_LITERAL_NULL_CONVERSION = YES;
				CLANG_WARN_OBJC_IMPLICIT_RETAIN_SELF = YES;
				CLANG_WARN_OBJC_LITERAL_CONVERSION = YES;
				CLANG_WARN_OBJC_ROOT_CLASS = YES_ERROR;
				CLANG_WARN_QUOTED_INCLUDE_IN_FRAMEWORK_HEADER = YES;
				CLANG_WARN_RANGE_LOOP_ANALYSIS = YES;
				CLANG_WARN_STRICT_PROTOTYPES = YES;
				CLANG_WARN_SUSPICIOUS_MOVE = YES;
				CLANG_WARN_UNGUARDED_AVAILABILITY = YES_AGGRESSIVE;
				CLANG_WARN_UNREACHABLE_CODE = YES;
				CLANG_WARN__DUPLICATE_METHOD_MATCH = YES;
				COPY_PHASE_STRIP = NO;
				DEBUG_INFORMATION_FORMAT = dwarf;
				ENABLE_STRICT_OBJC_MSGSEND = YES;
				ENABLE_TESTABILITY = YES;
				GCC_C_LANGUAGE_STANDARD = gnu11;
				GCC_DYNAMIC_NO_PIC = NO;
				GCC_NO_COMMON_BLOCKS = YES;
				GCC_OPTIMIZATION_LEVEL = 0;
				GCC_PREPROCESSOR_DEFINITIONS = (
					"DEBUG=1",
					"$(inherited)",
				);
				GCC_WARN_64_TO_32_BIT_CONVERSION = YES;
				GCC_WARN_ABOUT_RETURN_TYPE = YES_ERROR;
				GCC_WARN_UNDECLARED_SELECTOR = YES;
				GCC_WARN_UNINITIALIZED_AUTOS = YES_AGGRESSIVE;
				GCC_WARN_UNUSED_FUNCTION = YES;
				GCC_WARN_UNUSED_VARIABLE = YES;
				MTL_ENABLE_DEBUG_INFO = INCLUDE_SOURCE;
				MTL_FAST_MATH = YES;
				ONLY_ACTIVE_ARCH = YES;
				PRODUCT_BUNDLE_IDENTIFIER = "VN-tvOS";
				SDKROOT = appletvos;
				SWIFT_ACTIVE_COMPILATION_CONDITIONS = DEBUG;
				SWIFT_OPTIMIZATION_LEVEL = "-Onone";
				TVOS_DEPLOYMENT_TARGET = 14.0;
			};
			name = Debug;
		};
		DE1F6302252908DA003FFA99 /* Release */ = {
			isa = XCBuildConfiguration;
			buildSettings = {
				ALWAYS_SEARCH_USER_PATHS = NO;
				CLANG_ANALYZER_NONNULL = YES;
				CLANG_ANALYZER_NUMBER_OBJECT_CONVERSION = YES_AGGRESSIVE;
				CLANG_CXX_LANGUAGE_STANDARD = "gnu++14";
				CLANG_CXX_LIBRARY = "libc++";
				CLANG_ENABLE_MODULES = YES;
				CLANG_ENABLE_OBJC_ARC = YES;
				CLANG_ENABLE_OBJC_WEAK = YES;
				CLANG_WARN_BLOCK_CAPTURE_AUTORELEASING = YES;
				CLANG_WARN_BOOL_CONVERSION = YES;
				CLANG_WARN_COMMA = YES;
				CLANG_WARN_CONSTANT_CONVERSION = YES;
				CLANG_WARN_DEPRECATED_OBJC_IMPLEMENTATIONS = YES;
				CLANG_WARN_DIRECT_OBJC_ISA_USAGE = YES_ERROR;
				CLANG_WARN_DOCUMENTATION_COMMENTS = YES;
				CLANG_WARN_EMPTY_BODY = YES;
				CLANG_WARN_ENUM_CONVERSION = YES;
				CLANG_WARN_INFINITE_RECURSION = YES;
				CLANG_WARN_INT_CONVERSION = YES;
				CLANG_WARN_NON_LITERAL_NULL_CONVERSION = YES;
				CLANG_WARN_OBJC_IMPLICIT_RETAIN_SELF = YES;
				CLANG_WARN_OBJC_LITERAL_CONVERSION = YES;
				CLANG_WARN_OBJC_ROOT_CLASS = YES_ERROR;
				CLANG_WARN_QUOTED_INCLUDE_IN_FRAMEWORK_HEADER = YES;
				CLANG_WARN_RANGE_LOOP_ANALYSIS = YES;
				CLANG_WARN_STRICT_PROTOTYPES = YES;
				CLANG_WARN_SUSPICIOUS_MOVE = YES;
				CLANG_WARN_UNGUARDED_AVAILABILITY = YES_AGGRESSIVE;
				CLANG_WARN_UNREACHABLE_CODE = YES;
				CLANG_WARN__DUPLICATE_METHOD_MATCH = YES;
				COPY_PHASE_STRIP = NO;
				DEBUG_INFORMATION_FORMAT = "dwarf-with-dsym";
				ENABLE_NS_ASSERTIONS = NO;
				ENABLE_STRICT_OBJC_MSGSEND = YES;
				GCC_C_LANGUAGE_STANDARD = gnu11;
				GCC_NO_COMMON_BLOCKS = YES;
				GCC_WARN_64_TO_32_BIT_CONVERSION = YES;
				GCC_WARN_ABOUT_RETURN_TYPE = YES_ERROR;
				GCC_WARN_UNDECLARED_SELECTOR = YES;
				GCC_WARN_UNINITIALIZED_AUTOS = YES_AGGRESSIVE;
				GCC_WARN_UNUSED_FUNCTION = YES;
				GCC_WARN_UNUSED_VARIABLE = YES;
				MTL_ENABLE_DEBUG_INFO = NO;
				MTL_FAST_MATH = YES;
				PRODUCT_BUNDLE_IDENTIFIER = "VN-tvOS";
				SDKROOT = appletvos;
				SWIFT_COMPILATION_MODE = wholemodule;
				SWIFT_OPTIMIZATION_LEVEL = "-O";
				TVOS_DEPLOYMENT_TARGET = 14.0;
				VALIDATE_PRODUCT = YES;
			};
			name = Release;
		};
		DE1F6304252908DA003FFA99 /* Debug */ = {
			isa = XCBuildConfiguration;
			buildSettings = {
				ALWAYS_EMBED_SWIFT_STANDARD_LIBRARIES = YES;
				ASSETCATALOG_COMPILER_APPICON_NAME = "App Icon & Top Shelf Image";
				ASSETCATALOG_COMPILER_GLOBAL_ACCENT_COLOR_NAME = AccentColor;
				CODE_SIGN_STYLE = Automatic;
				DEVELOPMENT_ASSET_PATHS = "\"VN-tvOS/Preview Content\"";
				ENABLE_PREVIEWS = YES;
				INFOPLIST_FILE = "VN-tvOS/Info.plist";
				LD_RUNPATH_SEARCH_PATHS = (
					"$(inherited)",
					"@executable_path/Frameworks",
				);
				PRODUCT_BUNDLE_IDENTIFIER = "eu.thedreamweb.VN-tvOS";
				PRODUCT_NAME = "VN-tvOS";
				SWIFT_VERSION = 5.0;
				TARGETED_DEVICE_FAMILY = 3;
				TVOS_DEPLOYMENT_TARGET = 14.0;
			};
			name = Debug;
		};
		DE1F6305252908DA003FFA99 /* Release */ = {
			isa = XCBuildConfiguration;
			buildSettings = {
				ALWAYS_EMBED_SWIFT_STANDARD_LIBRARIES = YES;
				ASSETCATALOG_COMPILER_APPICON_NAME = "App Icon & Top Shelf Image";
				ASSETCATALOG_COMPILER_GLOBAL_ACCENT_COLOR_NAME = AccentColor;
				CODE_SIGN_STYLE = Automatic;
				DEVELOPMENT_ASSET_PATHS = "\"VN-tvOS/Preview Content\"";
				ENABLE_PREVIEWS = YES;
				INFOPLIST_FILE = "VN-tvOS/Info.plist";
				LD_RUNPATH_SEARCH_PATHS = (
					"$(inherited)",
					"@executable_path/Frameworks",
				);
				PRODUCT_BUNDLE_IDENTIFIER = "eu.thedreamweb.VN-tvOS";
				PRODUCT_NAME = "VN-tvOS";
				SWIFT_VERSION = 5.0;
				TARGETED_DEVICE_FAMILY = 3;
				TVOS_DEPLOYMENT_TARGET = 14.0;
			};
			name = Release;
		};
		DE80B02F253301AF00F8BE5A /* Debug */ = {
			isa = XCBuildConfiguration;
			buildSettings = {
				ASSETCATALOG_COMPILER_APPICON_NAME = AppIcon;
				ASSETCATALOG_COMPILER_GLOBAL_ACCENT_COLOR_NAME = AccentColor;
				CODE_SIGN_STYLE = Automatic;
				DEVELOPMENT_ASSET_PATHS = "\"VN-iOS/Preview Content\"";
				DEVELOPMENT_TEAM = ZXW8GTM6FG;
				ENABLE_PREVIEWS = YES;
				INFOPLIST_FILE = "VN-iOS/Info.plist";
				IPHONEOS_DEPLOYMENT_TARGET = 14.0;
				LD_RUNPATH_SEARCH_PATHS = (
					"$(inherited)",
					"@executable_path/Frameworks",
				);
				PRODUCT_BUNDLE_IDENTIFIER = "eu.thedreamweb.VN-iOS";
				PRODUCT_NAME = "$(TARGET_NAME)";
				SDKROOT = iphoneos;
				SWIFT_VERSION = 5.0;
				TARGETED_DEVICE_FAMILY = "1,2";
			};
			name = Debug;
		};
		DE80B030253301AF00F8BE5A /* Release */ = {
			isa = XCBuildConfiguration;
			buildSettings = {
				ASSETCATALOG_COMPILER_APPICON_NAME = AppIcon;
				ASSETCATALOG_COMPILER_GLOBAL_ACCENT_COLOR_NAME = AccentColor;
				CODE_SIGN_STYLE = Automatic;
				DEVELOPMENT_ASSET_PATHS = "\"VN-iOS/Preview Content\"";
				DEVELOPMENT_TEAM = ZXW8GTM6FG;
				ENABLE_PREVIEWS = YES;
				INFOPLIST_FILE = "VN-iOS/Info.plist";
				IPHONEOS_DEPLOYMENT_TARGET = 14.0;
				LD_RUNPATH_SEARCH_PATHS = (
					"$(inherited)",
					"@executable_path/Frameworks",
				);
				PRODUCT_BUNDLE_IDENTIFIER = "eu.thedreamweb.VN-iOS";
				PRODUCT_NAME = "$(TARGET_NAME)";
				SDKROOT = iphoneos;
				SWIFT_VERSION = 5.0;
				TARGETED_DEVICE_FAMILY = "1,2";
			};
			name = Release;
		};
		DEB98CC32536206E001C8EBB /* Debug */ = {
			isa = XCBuildConfiguration;
			buildSettings = {
				ASSETCATALOG_COMPILER_APPICON_NAME = AppIcon;
				ASSETCATALOG_COMPILER_GLOBAL_ACCENT_COLOR_NAME = AccentColor;
				CODE_SIGN_ENTITLEMENTS = "VN-macOS/VN_macOS.entitlements";
				CODE_SIGN_STYLE = Automatic;
				COMBINE_HIDPI_IMAGES = YES;
				DEVELOPMENT_ASSET_PATHS = "\"VN-macOS/Preview Content\"";
				ENABLE_HARDENED_RUNTIME = YES;
				ENABLE_PREVIEWS = YES;
				INFOPLIST_FILE = "VN-macOS/Info.plist";
				LD_RUNPATH_SEARCH_PATHS = (
					"$(inherited)",
					"@executable_path/../Frameworks",
				);
				MACOSX_DEPLOYMENT_TARGET = 11.0;
				PRODUCT_BUNDLE_IDENTIFIER = "eu.thedreamweb.VN-macOS";
				PRODUCT_NAME = "$(TARGET_NAME)";
				SDKROOT = macosx;
				SWIFT_VERSION = 5.0;
			};
			name = Debug;
		};
		DEB98CC42536206E001C8EBB /* Release */ = {
			isa = XCBuildConfiguration;
			buildSettings = {
				ASSETCATALOG_COMPILER_APPICON_NAME = AppIcon;
				ASSETCATALOG_COMPILER_GLOBAL_ACCENT_COLOR_NAME = AccentColor;
				CODE_SIGN_ENTITLEMENTS = "VN-macOS/VN_macOS.entitlements";
				CODE_SIGN_STYLE = Automatic;
				COMBINE_HIDPI_IMAGES = YES;
				DEVELOPMENT_ASSET_PATHS = "\"VN-macOS/Preview Content\"";
				ENABLE_HARDENED_RUNTIME = YES;
				ENABLE_PREVIEWS = YES;
				INFOPLIST_FILE = "VN-macOS/Info.plist";
				LD_RUNPATH_SEARCH_PATHS = (
					"$(inherited)",
					"@executable_path/../Frameworks",
				);
				MACOSX_DEPLOYMENT_TARGET = 11.0;
				PRODUCT_BUNDLE_IDENTIFIER = "eu.thedreamweb.VN-macOS";
				PRODUCT_NAME = "$(TARGET_NAME)";
				SDKROOT = macosx;
				SWIFT_VERSION = 5.0;
			};
			name = Release;
		};
/* End XCBuildConfiguration section */

/* Begin XCConfigurationList section */
		DE1F62EF252908D9003FFA99 /* Build configuration list for PBXProject "VN" */ = {
			isa = XCConfigurationList;
			buildConfigurations = (
				DE1F6301252908DA003FFA99 /* Debug */,
				DE1F6302252908DA003FFA99 /* Release */,
			);
			defaultConfigurationIsVisible = 0;
			defaultConfigurationName = Release;
		};
		DE1F6303252908DA003FFA99 /* Build configuration list for PBXNativeTarget "VN" */ = {
			isa = XCConfigurationList;
			buildConfigurations = (
				DE1F6304252908DA003FFA99 /* Debug */,
				DE1F6305252908DA003FFA99 /* Release */,
			);
			defaultConfigurationIsVisible = 0;
			defaultConfigurationName = Release;
		};
		DE80B02E253301AF00F8BE5A /* Build configuration list for PBXNativeTarget "VN-iOS" */ = {
			isa = XCConfigurationList;
			buildConfigurations = (
				DE80B02F253301AF00F8BE5A /* Debug */,
				DE80B030253301AF00F8BE5A /* Release */,
			);
			defaultConfigurationIsVisible = 0;
			defaultConfigurationName = Release;
		};
		DEB98CC52536206E001C8EBB /* Build configuration list for PBXNativeTarget "VN-macOS" */ = {
			isa = XCConfigurationList;
			buildConfigurations = (
				DEB98CC32536206E001C8EBB /* Debug */,
				DEB98CC42536206E001C8EBB /* Release */,
			);
			defaultConfigurationIsVisible = 0;
			defaultConfigurationName = Release;
		};
/* End XCConfigurationList section */

/* Begin XCRemoteSwiftPackageReference section */
		DE6B07032C50E7B0006B5696 /* XCRemoteSwiftPackageReference "InkSwift" */ = {
			isa = XCRemoteSwiftPackageReference;
			repositoryURL = "https://github.com/maartene/InkSwift.git";
			requirement = {
				kind = upToNextMajorVersion;
				minimumVersion = 2.0.0;
			};
		};
/* End XCRemoteSwiftPackageReference section */

/* Begin XCSwiftPackageProductDependency section */
		DE6B07042C50E7B0006B5696 /* InkSwift */ = {
			isa = XCSwiftPackageProductDependency;
			package = DE6B07032C50E7B0006B5696 /* XCRemoteSwiftPackageReference "InkSwift" */;
			productName = InkSwift;
		};
		DE6B070C2C50EA0D006B5696 /* InkSwift */ = {
			isa = XCSwiftPackageProductDependency;
			package = DE6B07032C50E7B0006B5696 /* XCRemoteSwiftPackageReference "InkSwift" */;
			productName = InkSwift;
		};
		DE6B070E2C50EA15006B5696 /* InkSwift */ = {
			isa = XCSwiftPackageProductDependency;
			package = DE6B07032C50E7B0006B5696 /* XCRemoteSwiftPackageReference "InkSwift" */;
			productName = InkSwift;
		};
		DE6B07102C50EA1A006B5696 /* InkSwift */ = {
			isa = XCSwiftPackageProductDependency;
			package = DE6B07032C50E7B0006B5696 /* XCRemoteSwiftPackageReference "InkSwift" */;
			productName = InkSwift;
		};
		DE6B072C2C50ED41006B5696 /* InkSwift */ = {
			isa = XCSwiftPackageProductDependency;
			package = DE6B07032C50E7B0006B5696 /* XCRemoteSwiftPackageReference "InkSwift" */;
			productName = InkSwift;
		};
		DE6B072E2C50ED47006B5696 /* InkSwift */ = {
			isa = XCSwiftPackageProductDependency;
			package = DE6B07032C50E7B0006B5696 /* XCRemoteSwiftPackageReference "InkSwift" */;
			productName = InkSwift;
		};
/* End XCSwiftPackageProductDependency section */
	};
	rootObject = DE1F62EC252908D9003FFA99 /* Project object */;
}
